{
  "version": 4,
  "terraform_version": "1.1.4",
  "serial": 25,
  "lineage": "901fc566-4e11-9024-034d-8aba7b76e133",
  "outputs": {
    "access_key": {
      "value": "YCAJEdFPhsR9yqblenIPrtFps",
      "type": "string",
      "sensitive": true
    },
    "bucket_name": {
      "value": "kyn07c0-terraform-state",
      "type": "string",
      "sensitive": true
    },
    "secret_key": {
      "value": "YCM3lQ32oICWNip4QhewIGbuNPrTMqlIJbJETm1s",
      "type": "string",
      "sensitive": true
    }
  },
  "resources": [
    {
      "mode": "managed",
      "type": "yandex_iam_service_account",
      "name": "sa",
      "provider": "provider[\"registry.terraform.io/yandex-cloud/yandex\"]",
      "instances": [
        {
          "schema_version": 0,
          "attributes": {
            "created_at": "2023-09-30T06:45:27Z",
            "description": "",
            "folder_id": "b1g0j845i7calp33d0tc",
            "id": "aje09te1d4f4r2rgp7eo",
            "name": "sa",
            "timeouts": null
          },
          "sensitive_attributes": [],
          "private": "eyJlMmJmYjczMC1lY2FhLTExZTYtOGY4OC0zNDM2M2JjN2M0YzAiOnsiY3JlYXRlIjo2MDAwMDAwMDAwMCwiZGVsZXRlIjo2MDAwMDAwMDAwMCwidXBkYXRlIjo2MDAwMDAwMDAwMH19"
        }
      ]
    },
    {
      "mode": "managed",
      "type": "yandex_iam_service_account_static_access_key",
      "name": "static-key",
      "provider": "provider[\"registry.terraform.io/yandex-cloud/yandex\"]",
      "instances": [
        {
          "index_key": 0,
          "schema_version": 0,
          "attributes": {
            "access_key": "YCAJEdFPhsR9yqblenIPrtFps",
            "created_at": "2023-09-30T06:45:29Z",
            "description": "",
            "encrypted_secret_key": null,
            "id": "ajee38rjdnr4dag6g2qe",
            "key_fingerprint": null,
            "pgp_key": null,
            "secret_key": "YCM3lQ32oICWNip4QhewIGbuNPrTMqlIJbJETm1s",
            "service_account_id": "aje09te1d4f4r2rgp7eo"
          },
          "sensitive_attributes": [],
          "private": "bnVsbA==",
          "dependencies": [
            "yandex_iam_service_account.sa"
          ]
        },
        {
          "index_key": 1,
          "schema_version": 0,
          "attributes": {
            "access_key": "YCAJEu1pCK8PWMaNVEXHV3Lbz",
            "created_at": "2023-09-30T06:45:29Z",
            "description": "",
            "encrypted_secret_key": null,
            "id": "aje8un162fh92b759j3d",
            "key_fingerprint": null,
            "pgp_key": null,
            "secret_key": "YCN0zmrP4GnNtSOV9KgglevNm-1tI5WvajkAw8hQ",
            "service_account_id": "aje09te1d4f4r2rgp7eo"
          },
          "sensitive_attributes": [],
          "private": "bnVsbA==",
          "dependencies": [
            "yandex_iam_service_account.sa"
          ]
        }
      ]
    },
    {
      "mode": "managed",
      "type": "yandex_resourcemanager_folder_iam_member",
      "name": "sa-editor",
      "provider": "provider[\"registry.terraform.io/yandex-cloud/yandex\"]",
      "instances": [
        {
          "schema_version": 0,
          "attributes": {
            "folder_id": "b1g0j845i7calp33d0tc",
            "id": "b1g0j845i7calp33d0tc/storage.editor/serviceAccount:aje09te1d4f4r2rgp7eo",
            "member": "serviceAccount:aje09te1d4f4r2rgp7eo",
            "role": "storage.editor",
            "sleep_after": null,
            "timeouts": null
          },
          "sensitive_attributes": [],
          "private": "eyJlMmJmYjczMC1lY2FhLTExZTYtOGY4OC0zNDM2M2JjN2M0YzAiOnsiY3JlYXRlIjo2MDAwMDAwMDAwMCwiZGVmYXVsdCI6NjAwMDAwMDAwMDAsImRlbGV0ZSI6NjAwMDAwMDAwMDAsInJlYWQiOjYwMDAwMDAwMDAwLCJ1cGRhdGUiOjYwMDAwMDAwMDAwfX0=",
          "dependencies": [
            "yandex_iam_service_account.sa"
          ]
        }
      ]
    },
    {
      "mode": "managed",
      "type": "yandex_storage_bucket",
      "name": "terraform-object-storage",
      "provider": "provider[\"registry.terraform.io/yandex-cloud/yandex\"]",
      "instances": [
        {
          "index_key": 0,
          "schema_version": 0,
          "attributes": {
            "access_key": "YCAJEdFPhsR9yqblenIPrtFps",
            "acl": null,
            "anonymous_access_flags": [
              {
                "config_read": false,
                "list": false,
                "read": false
              }
            ],
            "bucket": "kyn07c0-terraform-state",
            "bucket_domain_name": "kyn07c0-terraform-state.storage.yandexcloud.net",
            "bucket_prefix": null,
            "cors_rule": [],
            "default_storage_class": "STANDARD",
            "folder_id": "b1g0j845i7calp33d0tc",
            "force_destroy": false,
            "grant": [],
            "https": [],
            "id": "kyn07c0-terraform-state",
            "lifecycle_rule": [],
            "logging": [],
            "max_size": 0,
            "object_lock_configuration": [],
            "policy": "",
            "secret_key": "YCM3lQ32oICWNip4QhewIGbuNPrTMqlIJbJETm1s",
            "server_side_encryption_configuration": [],
            "tags": null,
            "versioning": [
              {
                "enabled": false
              }
            ],
            "website": [],
            "website_domain": null,
            "website_endpoint": null
          },
          "sensitive_attributes": [
            [
              {
                "type": "get_attr",
                "value": "secret_key"
              }
            ]
          ],
          "private": "bnVsbA==",
          "dependencies": [
            "yandex_iam_service_account.sa",
            "yandex_iam_service_account_static_access_key.static-key"
          ]
        },
        {
          "index_key": 1,
          "schema_version": 0,
          "attributes": {
            "access_key": "YCAJEu1pCK8PWMaNVEXHV3Lbz",
            "acl": null,
            "anonymous_access_flags": [
              {
                "config_read": false,
                "list": false,
                "read": false
              }
            ],
            "bucket": "kyn07c0-momo-store",
            "bucket_domain_name": "kyn07c0-momo-store.storage.yandexcloud.net",
            "bucket_prefix": null,
            "cors_rule": [],
            "default_storage_class": "STANDARD",
            "folder_id": "b1g0j845i7calp33d0tc",
            "force_destroy": false,
            "grant": [],
            "https": [],
            "id": "kyn07c0-momo-store",
            "lifecycle_rule": [],
            "logging": [],
            "max_size": 0,
            "object_lock_configuration": [],
            "policy": "",
            "secret_key": "YCN0zmrP4GnNtSOV9KgglevNm-1tI5WvajkAw8hQ",
            "server_side_encryption_configuration": [],
            "tags": null,
            "versioning": [
              {
                "enabled": false
              }
            ],
            "website": [],
            "website_domain": null,
            "website_endpoint": null
          },
          "sensitive_attributes": [
            [
              {
                "type": "get_attr",
                "value": "secret_key"
              }
            ]
          ],
          "private": "bnVsbA==",
          "dependencies": [
            "yandex_iam_service_account.sa",
            "yandex_iam_service_account_static_access_key.static-key"
          ]
        }
      ]
    }
  ]
}
